
Microsoft Visual Studio Solution File, Format Version 12.00
# Visual Studio 15
VisualStudioVersion = 15.0.27130.2010
MinimumVisualStudioVersion = 10.0.40219.1
Project("{2150E333-8FDC-42A3-9474-1A3956D46DE8}") = "Engine", "Engine", "{135D4CC9-F2E2-4E2B-9653-E418D8AEADB6}"
EndProject
Project("{2150E333-8FDC-42A3-9474-1A3956D46DE8}") = "Games", "Games", "{68B7B896-A44E-4761-92C2-617A6BF121EB}"
EndProject
Project("{8BC9CEB8-8B4A-11D0-8D11-00A0C91BC942}") = "UE4", "Intermediate\ProjectFiles\UE4.vcxproj", "{3D0C1914-AC4B-441B-92B5-A70BADB5DD30}"
EndProject
Project("{8BC9CEB8-8B4A-11D0-8D11-00A0C91BC942}") = "MyProject", "Intermediate\ProjectFiles\MyProject.vcxproj", "{573CC0F3-7AF5-4346-8DAB-37A39CDA839F}"
EndProject
Global
	GlobalSection(SolutionConfigurationPlatforms) = preSolution
		DebugGame Editor|HTML5 = DebugGame Editor|HTML5
		DebugGame Editor|Win32 = DebugGame Editor|Win32
		DebugGame Editor|Win64 = DebugGame Editor|Win64
		DebugGame|HTML5 = DebugGame|HTML5
		DebugGame|Win32 = DebugGame|Win32
		DebugGame|Win64 = DebugGame|Win64
		Development Editor|HTML5 = Development Editor|HTML5
		Development Editor|Win32 = Development Editor|Win32
		Development Editor|Win64 = Development Editor|Win64
		Development|HTML5 = Development|HTML5
		Development|Win32 = Development|Win32
		Development|Win64 = Development|Win64
		Shipping|HTML5 = Shipping|HTML5
		Shipping|Win32 = Shipping|Win32
		Shipping|Win64 = Shipping|Win64
	EndGlobalSection
	GlobalSection(ProjectConfigurationPlatforms) = postSolution
		{3D0C1914-AC4B-441B-92B5-A70BADB5DD30}.DebugGame Editor|HTML5.ActiveCfg = BuiltWithUnrealBuildTool|Win32
		{3D0C1914-AC4B-441B-92B5-A70BADB5DD30}.DebugGame Editor|HTML5.Build.0 = BuiltWithUnrealBuildTool|Win32
		{3D0C1914-AC4B-441B-92B5-A70BADB5DD30}.DebugGame Editor|Win32.ActiveCfg = BuiltWithUnrealBuildTool|Win32
		{3D0C1914-AC4B-441B-92B5-A70BADB5DD30}.DebugGame Editor|Win32.Build.0 = BuiltWithUnrealBuildTool|Win32
		{3D0C1914-AC4B-441B-92B5-A70BADB5DD30}.DebugGame Editor|Win64.ActiveCfg = BuiltWithUnrealBuildTool|Win32
		{3D0C1914-AC4B-441B-92B5-A70BADB5DD30}.DebugGame Editor|Win64.Build.0 = BuiltWithUnrealBuildTool|Win32
		{3D0C1914-AC4B-441B-92B5-A70BADB5DD30}.DebugGame|HTML5.ActiveCfg = BuiltWithUnrealBuildTool|Win32
		{3D0C1914-AC4B-441B-92B5-A70BADB5DD30}.DebugGame|HTML5.Build.0 = BuiltWithUnrealBuildTool|Win32
		{3D0C1914-AC4B-441B-92B5-A70BADB5DD30}.DebugGame|Win32.ActiveCfg = BuiltWithUnrealBuildTool|Win32
		{3D0C1914-AC4B-441B-92B5-A70BADB5DD30}.DebugGame|Win32.Build.0 = BuiltWithUnrealBuildTool|Win32
		{3D0C1914-AC4B-441B-92B5-A70BADB5DD30}.DebugGame|Win64.ActiveCfg = BuiltWithUnrealBuildTool|Win32
		{3D0C1914-AC4B-441B-92B5-A70BADB5DD30}.DebugGame|Win64.Build.0 = BuiltWithUnrealBuildTool|Win32
		{3D0C1914-AC4B-441B-92B5-A70BADB5DD30}.Development Editor|HTML5.ActiveCfg = BuiltWithUnrealBuildTool|Win32
		{3D0C1914-AC4B-441B-92B5-A70BADB5DD30}.Development Editor|HTML5.Build.0 = BuiltWithUnrealBuildTool|Win32
		{3D0C1914-AC4B-441B-92B5-A70BADB5DD30}.Development Editor|Win32.ActiveCfg = BuiltWithUnrealBuildTool|Win32
		{3D0C1914-AC4B-441B-92B5-A70BADB5DD30}.Development Editor|Win32.Build.0 = BuiltWithUnrealBuildTool|Win32
		{3D0C1914-AC4B-441B-92B5-A70BADB5DD30}.Development Editor|Win64.ActiveCfg = BuiltWithUnrealBuildTool|Win32
		{3D0C1914-AC4B-441B-92B5-A70BADB5DD30}.Development Editor|Win64.Build.0 = BuiltWithUnrealBuildTool|Win32
		{3D0C1914-AC4B-441B-92B5-A70BADB5DD30}.Development|HTML5.ActiveCfg = BuiltWithUnrealBuildTool|Win32
		{3D0C1914-AC4B-441B-92B5-A70BADB5DD30}.Development|HTML5.Build.0 = BuiltWithUnrealBuildTool|Win32
		{3D0C1914-AC4B-441B-92B5-A70BADB5DD30}.Development|Win32.ActiveCfg = BuiltWithUnrealBuildTool|Win32
		{3D0C1914-AC4B-441B-92B5-A70BADB5DD30}.Development|Win32.Build.0 = BuiltWithUnrealBuildTool|Win32
		{3D0C1914-AC4B-441B-92B5-A70BADB5DD30}.Development|Win64.ActiveCfg = BuiltWithUnrealBuildTool|Win32
		{3D0C1914-AC4B-441B-92B5-A70BADB5DD30}.Development|Win64.Build.0 = BuiltWithUnrealBuildTool|Win32
		{3D0C1914-AC4B-441B-92B5-A70BADB5DD30}.Shipping|HTML5.ActiveCfg = BuiltWithUnrealBuildTool|Win32
		{3D0C1914-AC4B-441B-92B5-A70BADB5DD30}.Shipping|HTML5.Build.0 = BuiltWithUnrealBuildTool|Win32
		{3D0C1914-AC4B-441B-92B5-A70BADB5DD30}.Shipping|Win32.ActiveCfg = BuiltWithUnrealBuildTool|Win32
		{3D0C1914-AC4B-441B-92B5-A70BADB5DD30}.Shipping|Win32.Build.0 = BuiltWithUnrealBuildTool|Win32
		{3D0C1914-AC4B-441B-92B5-A70BADB5DD30}.Shipping|Win64.ActiveCfg = BuiltWithUnrealBuildTool|Win32
		{3D0C1914-AC4B-441B-92B5-A70BADB5DD30}.Shipping|Win64.Build.0 = BuiltWithUnrealBuildTool|Win32
		{573CC0F3-7AF5-4346-8DAB-37A39CDA839F}.DebugGame Editor|HTML5.ActiveCfg = HTML5_DebugGame_Editor|Win32
		{573CC0F3-7AF5-4346-8DAB-37A39CDA839F}.DebugGame Editor|Win32.ActiveCfg = DebugGame_Editor|Win32
		{573CC0F3-7AF5-4346-8DAB-37A39CDA839F}.DebugGame Editor|Win64.ActiveCfg = DebugGame_Editor|x64
		{573CC0F3-7AF5-4346-8DAB-37A39CDA839F}.DebugGame Editor|Win64.Build.0 = DebugGame_Editor|x64
		{573CC0F3-7AF5-4346-8DAB-37A39CDA839F}.DebugGame|HTML5.ActiveCfg = HTML5_DebugGame_Game|Win32
		{573CC0F3-7AF5-4346-8DAB-37A39CDA839F}.DebugGame|HTML5.Build.0 = HTML5_DebugGame_Game|Win32
		{573CC0F3-7AF5-4346-8DAB-37A39CDA839F}.DebugGame|Win32.ActiveCfg = DebugGame_Game|Win32
		{573CC0F3-7AF5-4346-8DAB-37A39CDA839F}.DebugGame|Win32.Build.0 = DebugGame_Game|Win32
		{573CC0F3-7AF5-4346-8DAB-37A39CDA839F}.DebugGame|Win64.ActiveCfg = DebugGame_Game|x64
		{573CC0F3-7AF5-4346-8DAB-37A39CDA839F}.DebugGame|Win64.Build.0 = DebugGame_Game|x64
		{573CC0F3-7AF5-4346-8DAB-37A39CDA839F}.Development Editor|HTML5.ActiveCfg = HTML5_Development_Editor|Win32
		{573CC0F3-7AF5-4346-8DAB-37A39CDA839F}.Development Editor|Win32.ActiveCfg = Development_Editor|Win32
		{573CC0F3-7AF5-4346-8DAB-37A39CDA839F}.Development Editor|Win64.ActiveCfg = Development_Editor|x64
		{573CC0F3-7AF5-4346-8DAB-37A39CDA839F}.Development Editor|Win64.Build.0 = Development_Editor|x64
		{573CC0F3-7AF5-4346-8DAB-37A39CDA839F}.Development|HTML5.ActiveCfg = HTML5_Development_Game|Win32
		{573CC0F3-7AF5-4346-8DAB-37A39CDA839F}.Development|HTML5.Build.0 = HTML5_Development_Game|Win32
		{573CC0F3-7AF5-4346-8DAB-37A39CDA839F}.Development|Win32.ActiveCfg = Development_Game|Win32
		{573CC0F3-7AF5-4346-8DAB-37A39CDA839F}.Development|Win32.Build.0 = Development_Game|Win32
		{573CC0F3-7AF5-4346-8DAB-37A39CDA839F}.Development|Win64.ActiveCfg = Development_Game|x64
		{573CC0F3-7AF5-4346-8DAB-37A39CDA839F}.Development|Win64.Build.0 = Development_Game|x64
		{573CC0F3-7AF5-4346-8DAB-37A39CDA839F}.Shipping|HTML5.ActiveCfg = HTML5_Shipping_Game|Win32
		{573CC0F3-7AF5-4346-8DAB-37A39CDA839F}.Shipping|HTML5.Build.0 = HTML5_Shipping_Game|Win32
		{573CC0F3-7AF5-4346-8DAB-37A39CDA839F}.Shipping|Win32.ActiveCfg = Shipping_Game|Win32
		{573CC0F3-7AF5-4346-8DAB-37A39CDA839F}.Shipping|Win32.Build.0 = Shipping_Game|Win32
		{573CC0F3-7AF5-4346-8DAB-37A39CDA839F}.Shipping|Win64.ActiveCfg = Shipping_Game|x64
		{573CC0F3-7AF5-4346-8DAB-37A39CDA839F}.Shipping|Win64.Build.0 = Shipping_Game|x64
	EndGlobalSection
	GlobalSection(SolutionProperties) = preSolution
		HideSolutionNode = FALSE
	EndGlobalSection
	GlobalSection(NestedProjects) = preSolution
		{3D0C1914-AC4B-441B-92B5-A70BADB5DD30} = {135D4CC9-F2E2-4E2B-9653-E418D8AEADB6}
		{573CC0F3-7AF5-4346-8DAB-37A39CDA839F} = {68B7B896-A44E-4761-92C2-617A6BF121EB}
	EndGlobalSection
	GlobalSection(ExtensibilityGlobals) = postSolution
		SolutionGuid = {C4BEE2DF-01BB-4248-A161-5B9D050C6234}
	EndGlobalSection
EndGlobal
